{
  "originHash" : "f7e49492ec5cd3bf4226d9a4a99267484704c58320ee79ebe72dceaddaf444fa",
  "pins" : [
    {
      "identity" : "remoteresourcekit",
      "kind" : "remoteSourceControl",
      "location" : "https://github.com/manthan127/RemoteResourceKit.git",
      "state" : {
        "revision" : "9951bdca963a380e586f46f9b8a03987cb8d7ec4",
        "version" : "0.0.0"
      }
    },
    {
      "identity" : "zipfoundation",
      "kind" : "remoteSourceControl",
      "location" : "https://github.com/weichsel/ZIPFoundation.git",
      "state" : {
        "revision" : "22787ffb59de99e5dc1fbfe80b19c97a904ad48d",
        "version" : "0.9.20"
      }
    }
  ],
  "version" : 3
}
