{
  "originHash" : "c9f9cf63327786b56290d032c5a1eb7dbf1b87b2793d373dd17e0e3295734662",
  "pins" : [
    {
      "identity" : "remoteresourcekit",
      "kind" : "remoteSourceControl",
      "location" : "https://github.com/manthan127/RemoteResourceKit.git",
      "state" : {
        "branch" : "main",
        "revision" : "fa55006222ccf607702e23fa8a188fdb04e128df"
      }
    },
    {
      "identity" : "zipfoundation",
      "kind" : "remoteSourceControl",
      "location" : "https://github.com/weichsel/ZIPFoundation.git",
      "state" : {
        "revision" : "22787ffb59de99e5dc1fbfe80b19c97a904ad48d",
        "version" : "0.9.20"
      }
    }
  ],
  "version" : 3
}
